// !$*UTF8*$!
{
	archiveVersion = 1;
	classes = {
	};
	objectVersion = 46;
	objects = {

/* Begin PBXBuildFile section */
		15CEA74A1C1B2A8D00F6E282 /* AppDelegate.swift in Sources */ = {isa = PBXBuildFile; fileRef = 15CEA7491C1B2A8D00F6E282 /* AppDelegate.swift */; };
		15CEA74C1C1B2A8D00F6E282 /* ViewController.swift in Sources */ = {isa = PBXBuildFile; fileRef = 15CEA74B1C1B2A8D00F6E282 /* ViewController.swift */; };
		15CEA74F1C1B2A8D00F6E282 /* Main.storyboard in Resources */ = {isa = PBXBuildFile; fileRef = 15CEA74D1C1B2A8D00F6E282 /* Main.storyboard */; };
		15CEA7511C1B2A8D00F6E282 /* Images.xcassets in Resources */ = {isa = PBXBuildFile; fileRef = 15CEA7501C1B2A8D00F6E282 /* Images.xcassets */; };
		15CEA7541C1B2A8D00F6E282 /* LaunchScreen.xib in Resources */ = {isa = PBXBuildFile; fileRef = 15CEA7521C1B2A8D00F6E282 /* LaunchScreen.xib */; };
		15CEA7601C1B2A8E00F6E282 /* StupidIosProjectTests.swift in Sources */ = {isa = PBXBuildFile; fileRef = 15CEA75F1C1B2A8E00F6E282 /* StupidIosProjectTests.swift */; };
/* End PBXBuildFile section */

/* Begin PBXContainerItemProxy section */
		15CEA75A1C1B2A8E00F6E282 /* PBXContainerItemProxy */ = {
			isa = PBXContainerItemProxy;
			containerPortal = 15CEA73C1C1B2A8D00F6E282 /* Project object */;
			proxyType = 1;
			remoteGlobalIDString = 15CEA7431C1B2A8D00F6E282;
			remoteInfo = StupidIosProject;
		};
/* End PBXContainerItemProxy section */

/* Begin PBXFileReference section */
		15CEA7441C1B2A8D00F6E282 /* StupidIosProject.app */ = {isa = PBXFileReference; explicitFileType = wrapper.application; includeInIndex = 0; path = StupidIosProject.app; sourceTree = BUILT_PRODUCTS_DIR; };
		15CEA7481C1B2A8D00F6E282 /* Info.plist */ = {isa = PBXFileReference; lastKnownFileType = text.plist.xml; path = Info.plist; sourceTree = "<group>"; };
		15CEA7491C1B2A8D00F6E282 /* AppDelegate.swift */ = {isa = PBXFileReference; lastKnownFileType = sourcecode.swift; path = AppDelegate.swift; sourceTree = "<group>"; };
		15CEA74B1C1B2A8D00F6E282 /* ViewController.swift */ = {isa = PBXFileReference; lastKnownFileType = sourcecode.swift; path = ViewController.swift; sourceTree = "<group>"; };
		15CEA74E1C1B2A8D00F6E282 /* Base */ = {isa = PBXFileReference; lastKnownFileType = file.storyboard; name = Base; path = Base.lproj/Main.storyboard; sourceTree = "<group>"; };
		15CEA7501C1B2A8D00F6E282 /* Images.xcassets */ = {isa = PBXFileReference; lastKnownFileType = folder.assetcatalog; path = Images.xcassets; sourceTree = "<group>"; };
		15CEA7531C1B2A8D00F6E282 /* Base */ = {isa = PBXFileReference; lastKnownFileType = file.xib; name = Base; path = Base.lproj/LaunchScreen.xib; sourceTree = "<group>"; };
		15CEA7591C1B2A8E00F6E282 /* StupidIosProjectTests.xctest */ = {isa = PBXFileReference; explicitFileType = wrapper.cfbundle; includeInIndex = 0; path = StupidIosProjectTests.xctest; sourceTree = BUILT_PRODUCTS_DIR; };
		15CEA75E1C1B2A8E00F6E282 /* Info.plist */ = {isa = PBXFileReference; lastKnownFileType = text.plist.xml; path = Info.plist; sourceTree = "<group>"; };
		15CEA75F1C1B2A8E00F6E282 /* StupidIosProjectTests.swift */ = {isa = PBXFileReference; lastKnownFileType = sourcecode.swift; path = StupidIosProjectTests.swift; sourceTree = "<group>"; };
/* End PBXFileReference section */

/* Begin PBXFrameworksBuildPhase section */
		15CEA7411C1B2A8D00F6E282 /* Frameworks */ = {
			isa = PBXFrameworksBuildPhase;
			buildActionMask = 2147483647;
			files = (
			);
			runOnlyForDeploymentPostprocessing = 0;
		};
		15CEA7561C1B2A8E00F6E282 /* Frameworks */ = {
			isa = PBXFrameworksBuildPhase;
			buildActionMask = 2147483647;
			files = (
			);
			runOnlyForDeploymentPostprocessing = 0;
		};
/* End PBXFrameworksBuildPhase section */

/* Begin PBXGroup section */
		15CEA73B1C1B2A8D00F6E282 = {
			isa = PBXGroup;
			children = (
				15CEA7461C1B2A8D00F6E282 /* StupidIosProject */,
				15CEA75C1C1B2A8E00F6E282 /* StupidIosProjectTests */,
				15CEA7451C1B2A8D00F6E282 /* Products */,
			);
			sourceTree = "<group>";
		};
		15CEA7451C1B2A8D00F6E282 /* Products */ = {
			isa = PBXGroup;
			children = (
				15CEA7441C1B2A8D00F6E282 /* StupidIosProject.app */,
				15CEA7591C1B2A8E00F6E282 /* StupidIosProjectTests.xctest */,
			);
			name = Products;
			sourceTree = "<group>";
		};
		15CEA7461C1B2A8D00F6E282 /* StupidIosProject */ = {
			isa = PBXGroup;
			children = (
				15CEA7491C1B2A8D00F6E282 /* AppDelegate.swift */,
				15CEA74B1C1B2A8D00F6E282 /* ViewController.swift */,
				15CEA74D1C1B2A8D00F6E282 /* Main.storyboard */,
				15CEA7501C1B2A8D00F6E282 /* Images.xcassets */,
				15CEA7521C1B2A8D00F6E282 /* LaunchScreen.xib */,
				15CEA7471C1B2A8D00F6E282 /* Supporting Files */,
			);
			path = StupidIosProject;
			sourceTree = "<group>";
		};
		15CEA7471C1B2A8D00F6E282 /* Supporting Files */ = {
			isa = PBXGroup;
			children = (
				15CEA7481C1B2A8D00F6E282 /* Info.plist */,
			);
			name = "Supporting Files";
			sourceTree = "<group>";
		};
		15CEA75C1C1B2A8E00F6E282 /* StupidIosProjectTests */ = {
			isa = PBXGroup;
			children = (
				15CEA75F1C1B2A8E00F6E282 /* StupidIosProjectTests.swift */,
				15CEA75D1C1B2A8E00F6E282 /* Supporting Files */,
			);
			path = StupidIosProjectTests;
			sourceTree = "<group>";
		};
		15CEA75D1C1B2A8E00F6E282 /* Supporting Files */ = {
			isa = PBXGroup;
			children = (
				15CEA75E1C1B2A8E00F6E282 /* Info.plist */,
			);
			name = "Supporting Files";
			sourceTree = "<group>";
		};
/* End PBXGroup section */

/* Begin PBXNativeTarget section */
		15CEA7431C1B2A8D00F6E282 /* StupidIosProject */ = {
			isa = PBXNativeTarget;
			buildConfigurationList = 15CEA7631C1B2A8E00F6E282 /* Build configuration list for PBXNativeTarget "StupidIosProject" */;
			buildPhases = (
				15CEA7401C1B2A8D00F6E282 /* Sources */,
				15CEA7411C1B2A8D00F6E282 /* Frameworks */,
				15CEA7421C1B2A8D00F6E282 /* Resources */,
			);
			buildRules = (
			);
			dependencies = (
			);
			name = StupidIosProject;
			productName = StupidIosProject;
			productReference = 15CEA7441C1B2A8D00F6E282 /* StupidIosProject.app */;
			productType = "com.apple.product-type.application";
		};
		15CEA7581C1B2A8E00F6E282 /* StupidIosProjectTests */ = {
			isa = PBXNativeTarget;
			buildConfigurationList = 15CEA7661C1B2A8E00F6E282 /* Build configuration list for PBXNativeTarget "StupidIosProjectTests" */;
			buildPhases = (
				15CEA7551C1B2A8E00F6E282 /* Sources */,
				15CEA7561C1B2A8E00F6E282 /* Frameworks */,
				15CEA7571C1B2A8E00F6E282 /* Resources */,
			);
			buildRules = (
			);
			dependencies = (
				15CEA75B1C1B2A8E00F6E282 /* PBXTargetDependency */,
			);
			name = StupidIosProjectTests;
			productName = StupidIosProjectTests;
			productReference = 15CEA7591C1B2A8E00F6E282 /* StupidIosProjectTests.xctest */;
			productType = "com.apple.product-type.bundle.unit-test";
		};
/* End PBXNativeTarget section */

/* Begin PBXProject section */
		15CEA73C1C1B2A8D00F6E282 /* Project object */ = {
			isa = PBXProject;
			attributes = {
				LastUpgradeCheck = 0630;
				ORGANIZATIONNAME = Ctec;
				TargetAttributes = {
					15CEA7431C1B2A8D00F6E282 = {
						CreatedOnToolsVersion = 6.3.2;
					};
					15CEA7581C1B2A8E00F6E282 = {
						CreatedOnToolsVersion = 6.3.2;
						TestTargetID = 15CEA7431C1B2A8D00F6E282;
					};
				};
			};
			buildConfigurationList = 15CEA73F1C1B2A8D00F6E282 /* Build configuration list for PBXProject "StupidIosProject" */;
			compatibilityVersion = "Xcode 3.2";
			developmentRegion = English;
			hasScannedForEncodings = 0;
			knownRegions = (
				en,
				Base,
			);
			mainGroup = 15CEA73B1C1B2A8D00F6E282;
			productRefGroup = 15CEA7451C1B2A8D00F6E282 /* Products */;
			projectDirPath = "";
			projectRoot = "";
			targets = (
				15CEA7431C1B2A8D00F6E282 /* StupidIosProject */,
				15CEA7581C1B2A8E00F6E282 /* StupidIosProjectTests */,
			);
		};
/* End PBXProject section */

/* Begin PBXResourcesBuildPhase section */
		15CEA7421C1B2A8D00F6E282 /* Resources */ = {
			isa = PBXResourcesBuildPhase;
			buildActionMask = 2147483647;
			files = (
				15CEA74F1C1B2A8D00F6E282 /* Main.storyboard in Resources */,
				15CEA7541C1B2A8D00F6E282 /* LaunchScreen.xib in Resources */,
				15CEA7511C1B2A8D00F6E282 /* Images.xcassets in Resources */,
			);
			runOnlyForDeploymentPostprocessing = 0;
		};
		15CEA7571C1B2A8E00F6E282 /* Resources */ = {
			isa = PBXResourcesBuildPhase;
			buildActionMask = 2147483647;
			files = (
			);
			runOnlyForDeploymentPostprocessing = 0;
		};
/* End PBXResourcesBuildPhase section */

/* Begin PBXSourcesBuildPhase section */
		15CEA7401C1B2A8D00F6E282 /* Sources */ = {
			isa = PBXSourcesBuildPhase;
			buildActionMask = 2147483647;
			files = (
				15CEA74C1C1B2A8D00F6E282 /* ViewController.swift in Sources */,
				15CEA74A1C1B2A8D00F6E282 /* AppDelegate.swift in Sources */,
			);
			runOnlyForDeploymentPostprocessing = 0;
		};
		15CEA7551C1B2A8E00F6E282 /* Sources */ = {
			isa = PBXSourcesBuildPhase;
			buildActionMask = 2147483647;
			files = (
				15CEA7601C1B2A8E00F6E282 /* StupidIosProjectTests.swift in Sources */,
			);
			runOnlyForDeploymentPostprocessing = 0;
		};
/* End PBXSourcesBuildPhase section */

/* Begin PBXTargetDependency section */
		15CEA75B1C1B2A8E00F6E282 /* PBXTargetDependency */ = {
			isa = PBXTargetDependency;
			target = 15CEA7431C1B2A8D00F6E282 /* StupidIosProject */;
			targetProxy = 15CEA75A1C1B2A8E00F6E282 /* PBXContainerItemProxy */;
		};
/* End PBXTargetDependency section */

/* Begin PBXVariantGroup section */
		15CEA74D1C1B2A8D00F6E282 /* Main.storyboard */ = {
			isa = PBXVariantGroup;
			children = (
				15CEA74E1C1B2A8D00F6E282 /* Base */,
			);
			name = Main.storyboard;
			sourceTree = "<group>";
		};
		15CEA7521C1B2A8D00F6E282 /* LaunchScreen.xib */ = {
			isa = PBXVariantGroup;
			children = (
				15CEA7531C1B2A8D00F6E282 /* Base */,
			);
			name = LaunchScreen.xib;
			sourceTree = "<group>";
		};
/* End PBXVariantGroup section */

/* Begin XCBuildConfiguration section */
		15CEA7611C1B2A8E00F6E282 /* Debug */ = {
			isa = XCBuildConfiguration;
			buildSettings = {
				ALWAYS_SEARCH_USER_PATHS = NO;
				CLANG_CXX_LANGUAGE_STANDARD = "gnu++0x";
				CLANG_CXX_LIBRARY = "libc++";
				CLANG_ENABLE_MODULES = YES;
				CLANG_ENABLE_OBJC_ARC = YES;
				CLANG_WARN_BOOL_CONVERSION = YES;
				CLANG_WARN_CONSTANT_CONVERSION = YES;
				CLANG_WARN_DIRECT_OBJC_ISA_USAGE = YES_ERROR;
				CLANG_WARN_EMPTY_BODY = YES;
				CLANG_WARN_ENUM_CONVERSION = YES;
				CLANG_WARN_INT_CONVERSION = YES;
				CLANG_WARN_OBJC_ROOT_CLASS = YES_ERROR;
				CLANG_WARN_UNREACHABLE_CODE = YES;
				CLANG_WARN__DUPLICATE_METHOD_MATCH = YES;
				"CODE_SIGN_IDENTITY[sdk=iphoneos*]" = "iPhone Developer";
				COPY_PHASE_STRIP = NO;
				DEBUG_INFORMATION_FORMAT = "dwarf-with-dsym";
				ENABLE_STRICT_OBJC_MSGSEND = YES;
				GCC_C_LANGUAGE_STANDARD = gnu99;
				GCC_DYNAMIC_NO_PIC = NO;
				GCC_NO_COMMON_BLOCKS = YES;
				GCC_OPTIMIZATION_LEVEL = 0;
				GCC_PREPROCESSOR_DEFINITIONS = (
					"DEBUG=1",
					"$(inherited)",
				);
				GCC_SYMBOLS_PRIVATE_EXTERN = NO;
				GCC_WARN_64_TO_32_BIT_CONVERSION = YES;
				GCC_WARN_ABOUT_RETURN_TYPE = YES_ERROR;
				GCC_WARN_UNDECLARED_SELECTOR = YES;
				GCC_WARN_UNINITIALIZED_AUTOS = YES_AGGRESSIVE;
				GCC_WARN_UNUSED_FUNCTION = YES;
				GCC_WARN_UNUSED_VARIABLE = YES;
				IPHONEOS_DEPLOYMENT_TARGET = 8.3;
				MTL_ENABLE_DEBUG_INFO = YES;
				ONLY_ACTIVE_ARCH = YES;
				SDKROOT = iphoneos;
				SWIFT_OPTIMIZATION_LEVEL = "-Onone";
				TARGETED_DEVICE_FAMILY = "1,2";
			};
			name = Debug;
		};
		15CEA7621C1B2A8E00F6E282 /* Release */ = {
			isa = XCBuildConfiguration;
			buildSettings = {
				ALWAYS_SEARCH_USER_PATHS = NO;
				CLANG_CXX_LANGUAGE_STANDARD = "gnu++0x";
				CLANG_CXX_LIBRARY = "libc++";
				CLANG_ENABLE_MODULES = YES;
				CLANG_ENABLE_OBJC_ARC = YES;
				CLANG_WARN_BOOL_CONVERSION = YES;
				CLANG_WARN_CONSTANT_CONVERSION = YES;
				CLANG_WARN_DIRECT_OBJC_ISA_USAGE = YES_ERROR;
				CLANG_WARN_EMPTY_BODY = YES;
				CLANG_WARN_ENUM_CONVERSION = YES;
				CLANG_WARN_INT_CONVERSION = YES;
				CLANG_WARN_OBJC_ROOT_CLASS = YES_ERROR;
				CLANG_WARN_UNREACHABLE_CODE = YES;
				CLANG_WARN__DUPLICATE_METHOD_MATCH = YES;
				"CODE_SIGN_IDENTITY[sdk=iphoneos*]" = "iPhone Developer";
				COPY_PHASE_STRIP = NO;
				DEBUG_INFORMATION_FORMAT = "dwarf-with-dsym";
				ENABLE_NS_ASSERTIONS = NO;
				ENABLE_STRICT_OBJC_MSGSEND = YES;
				GCC_C_LANGUAGE_STANDARD = gnu99;
				GCC_NO_COMMON_BLOCKS = YES;
				GCC_WARN_64_TO_32_BIT_CONVERSION = YES;
				GCC_WARN_ABOUT_RETURN_TYPE = YES_ERROR;
				GCC_WARN_UNDECLARED_SELECTOR = YES;
				GCC_WARN_UNINITIALIZED_AUTOS = YES_AGGRESSIVE;
				GCC_WARN_UNUSED_FUNCTION = YES;
				GCC_WARN_UNUSED_VARIABLE = YES;
				IPHONEOS_DEPLOYMENT_TARGET = 8.3;
				MTL_ENABLE_DEBUG_INFO = NO;
				SDKROOT = iphoneos;
				TARGETED_DEVICE_FAMILY = "1,2";
				VALIDATE_PRODUCT = YES;
			};
			name = Release;
		};
		15CEA7641C1B2A8E00F6E282 /* Debug */ = {
			isa = XCBuildConfiguration;
			buildSettings = {
				ASSETCATALOG_COMPILER_APPICON_NAME = AppIcon;
				INFOPLIST_FILE = StupidIosProject/Info.plist;
				LD_RUNPATH_SEARCH_PATHS = "$(inherited) @executable_path/Frameworks";
				PRODUCT_NAME = "$(TARGET_NAME)";
			};
			name = Debug;
		};
		15CEA7651C1B2A8E00F6E282 /* Release */ = {
			isa = XCBuildConfiguration;
			buildSettings = {
				ASSETCATALOG_COMPILER_APPICON_NAME = AppIcon;
				INFOPLIST_FILE = StupidIosProject/Info.plist;
				LD_RUNPATH_SEARCH_PATHS = "$(inherited) @executable_path/Frameworks";
				PRODUCT_NAME = "$(TARGET_NAME)";
			};
			name = Release;
		};
		15CEA7671C1B2A8E00F6E282 /* Debug */ = {
			isa = XCBuildConfiguration;
			buildSettings = {
				BUNDLE_LOADER = "$(TEST_HOST)";
				FRAMEWORK_SEARCH_PATHS = (
					"$(SDKROOT)/Developer/Library/Frameworks",
					"$(inherited)",
				);
				GCC_PREPROCESSOR_DEFINITIONS = (
					"DEBUG=1",
					"$(inherited)",
				);
				INFOPLIST_FILE = StupidIosProjectTests/Info.plist;
				LD_RUNPATH_SEARCH_PATHS = "$(inherited) @executable_path/Frameworks @loader_path/Frameworks";
				PRODUCT_NAME = "$(TARGET_NAME)";
				TEST_HOST = "$(BUILT_PRODUCTS_DIR)/StupidIosProject.app/StupidIosProject";
			};
			name = Debug;
		};
		15CEA7681C1B2A8E00F6E282 /* Release */ = {
			isa = XCBuildConfiguration;
			buildSettings = {
				BUNDLE_LOADER = "$(TEST_HOST)";
				FRAMEWORK_SEARCH_PATHS = (
					"$(SDKROOT)/Developer/Library/Frameworks",
					"$(inherited)",
				);
				INFOPLIST_FILE = StupidIosProjectTests/Info.plist;
				LD_RUNPATH_SEARCH_PATHS = "$(inherited) @executable_path/Frameworks @loader_path/Frameworks";
				PRODUCT_NAME = "$(TARGET_NAME)";
				TEST_HOST = "$(BUILT_PRODUCTS_DIR)/StupidIosProject.app/StupidIosProject";
			};
			name = Release;
		};
/* End XCBuildConfiguration section */

/* Begin XCConfigurationList section */
		15CEA73F1C1B2A8D00F6E282 /* Build configuration list for PBXProject "StupidIosProject" */ = {
			isa = XCConfigurationList;
			buildConfigurations = (
				15CEA7611C1B2A8E00F6E282 /* Debug */,
				15CEA7621C1B2A8E00F6E282 /* Release */,
			);
			defaultConfigurationIsVisible = 0;
			defaultConfigurationName = Release;
		};
		15CEA7631C1B2A8E00F6E282 /* Build configuration list for PBXNativeTarget "StupidIosProject" */ = {
			isa = XCConfigurationList;
			buildConfigurations = (
				15CEA7641C1B2A8E00F6E282 /* Debug */,
				15CEA7651C1B2A8E00F6E282 /* Release */,
			);
			defaultConfigurationIsVisible = 0;
		};
		15CEA7661C1B2A8E00F6E282 /* Build configuration list for PBXNativeTarget "StupidIosProjectTests" */ = {
			isa = XCConfigurationList;
			buildConfigurations = (
				15CEA7671C1B2A8E00F6E282 /* Debug */,
				15CEA7681C1B2A8E00F6E282 /* Release */,
			);
			defaultConfigurationIsVisible = 0;
		};
/* End XCConfigurationList section */
	};
	rootObject = 15CEA73C1C1B2A8D00F6E282 /* Project object */;
}
